
Microsoft Visual Studio Solution File, Format Version 12.00
# Visual Studio Version 17
VisualStudioVersion = 17.0.31903.59
MinimumVisualStudioVersion = 10.0.40219.1
Project("{9A19103F-16F7-4668-BE54-9A1E7A4F7556}") = "ScreenSound", "ScreenSound\ScreenSound.csproj", "{A9CCE41C-6657-42BF-AED4-F3F578033037}"
EndProject
Project("{FAE04EC0-301F-11D3-BF4B-00C04F79EFBC}") = "ScreenSound.API", "ScreenSound.API\ScreenSound.API.csproj", "{2B1152FD-61DA-4B50-9A24-7D4CAB62F030}"
EndProject
Project("{FAE04EC0-301F-11D3-BF4B-00C04F79EFBC}") = "ScreenSound.Shared.Modelos", "ScreenSound.Shared.Modelos\ScreenSound.Shared.Modelos.csproj", "{7FD27EBB-22DF-449B-B59B-D3FA748E97C8}"
EndProject
Project("{FAE04EC0-301F-11D3-BF4B-00C04F79EFBC}") = "ScreenSound.Shared.Dados", "ScreenSound.Shared.Dados\ScreenSound.Shared.Dados.csproj", "{F99CCB7A-EF8F-478C-A035-1C246EA62519}"
EndProject
Global
	GlobalSection(SolutionConfigurationPlatforms) = preSolution
		Debug|Any CPU = Debug|Any CPU
		Release|Any CPU = Release|Any CPU
	EndGlobalSection
	GlobalSection(ProjectConfigurationPlatforms) = postSolution
		{A9CCE41C-6657-42BF-AED4-F3F578033037}.Debug|Any CPU.ActiveCfg = Debug|Any CPU
		{A9CCE41C-6657-42BF-AED4-F3F578033037}.Debug|Any CPU.Build.0 = Debug|Any CPU
		{A9CCE41C-6657-42BF-AED4-F3F578033037}.Release|Any CPU.ActiveCfg = Release|Any CPU
		{A9CCE41C-6657-42BF-AED4-F3F578033037}.Release|Any CPU.Build.0 = Release|Any CPU
		{2B1152FD-61DA-4B50-9A24-7D4CAB62F030}.Debug|Any CPU.ActiveCfg = Debug|Any CPU
		{2B1152FD-61DA-4B50-9A24-7D4CAB62F030}.Debug|Any CPU.Build.0 = Debug|Any CPU
		{2B1152FD-61DA-4B50-9A24-7D4CAB62F030}.Release|Any CPU.ActiveCfg = Release|Any CPU
		{2B1152FD-61DA-4B50-9A24-7D4CAB62F030}.Release|Any CPU.Build.0 = Release|Any CPU
		{7FD27EBB-22DF-449B-B59B-D3FA748E97C8}.Debug|Any CPU.ActiveCfg = Debug|Any CPU
		{7FD27EBB-22DF-449B-B59B-D3FA748E97C8}.Debug|Any CPU.Build.0 = Debug|Any CPU
		{7FD27EBB-22DF-449B-B59B-D3FA748E97C8}.Release|Any CPU.ActiveCfg = Release|Any CPU
		{7FD27EBB-22DF-449B-B59B-D3FA748E97C8}.Release|Any CPU.Build.0 = Release|Any CPU
		{F99CCB7A-EF8F-478C-A035-1C246EA62519}.Debug|Any CPU.ActiveCfg = Debug|Any CPU
		{F99CCB7A-EF8F-478C-A035-1C246EA62519}.Debug|Any CPU.Build.0 = Debug|Any CPU
		{F99CCB7A-EF8F-478C-A035-1C246EA62519}.Release|Any CPU.ActiveCfg = Release|Any CPU
		{F99CCB7A-EF8F-478C-A035-1C246EA62519}.Release|Any CPU.Build.0 = Release|Any CPU
	EndGlobalSection
	GlobalSection(SolutionProperties) = preSolution
		HideSolutionNode = FALSE
	EndGlobalSection
	GlobalSection(ExtensibilityGlobals) = postSolution
		SolutionGuid = {58FDB67D-DF98-4205-A17C-5AA1BD427B15}
	EndGlobalSection
EndGlobal
